
Microsoft Visual Studio Solution File, Format Version 12.00
# Visual Studio 14
VisualStudioVersion = 14.0.25420.1
MinimumVisualStudioVersion = 10.0.40219.1
Project("{FAE04EC0-301F-11D3-BF4B-00C04F79EFBC}") = "C1TrueDBGridPropBagGenerator", "C1TrueDBGridPropBagGenerator\C1TrueDBGridPropBagGenerator.csproj", "{9FDE6839-6F3C-4939-BD7C-9D5CF1B8BFFB}"
EndProject
Project("{FAE04EC0-301F-11D3-BF4B-00C04F79EFBC}") = "C1TrueDBGridPropBagGeneratorUI", "C1TrueDBGridPropBagGeneratorUI\C1TrueDBGridPropBagGeneratorUI.csproj", "{F11D6F3C-DACC-498D-86BC-5B2C7E13B6C7}"
EndProject
Project("{FAE04EC0-301F-11D3-BF4B-00C04F79EFBC}") = "C1TrueDBGridPropBagGeneratorTest", "C1TrueDBGridPropBagGeneratorTest\C1TrueDBGridPropBagGeneratorTest.csproj", "{8D24395C-A1D3-462A-AF6A-D36D2B4B0D00}"
EndProject
Global
	GlobalSection(SolutionConfigurationPlatforms) = preSolution
		Debug|Any CPU = Debug|Any CPU
		Release|Any CPU = Release|Any CPU
	EndGlobalSection
	GlobalSection(ProjectConfigurationPlatforms) = postSolution
		{9FDE6839-6F3C-4939-BD7C-9D5CF1B8BFFB}.Debug|Any CPU.ActiveCfg = Debug|Any CPU
		{9FDE6839-6F3C-4939-BD7C-9D5CF1B8BFFB}.Debug|Any CPU.Build.0 = Debug|Any CPU
		{9FDE6839-6F3C-4939-BD7C-9D5CF1B8BFFB}.Release|Any CPU.ActiveCfg = Release|Any CPU
		{9FDE6839-6F3C-4939-BD7C-9D5CF1B8BFFB}.Release|Any CPU.Build.0 = Release|Any CPU
		{F11D6F3C-DACC-498D-86BC-5B2C7E13B6C7}.Debug|Any CPU.ActiveCfg = Debug|Any CPU
		{F11D6F3C-DACC-498D-86BC-5B2C7E13B6C7}.Debug|Any CPU.Build.0 = Debug|Any CPU
		{F11D6F3C-DACC-498D-86BC-5B2C7E13B6C7}.Release|Any CPU.ActiveCfg = Release|Any CPU
		{F11D6F3C-DACC-498D-86BC-5B2C7E13B6C7}.Release|Any CPU.Build.0 = Release|Any CPU
		{8D24395C-A1D3-462A-AF6A-D36D2B4B0D00}.Debug|Any CPU.ActiveCfg = Debug|Any CPU
		{8D24395C-A1D3-462A-AF6A-D36D2B4B0D00}.Debug|Any CPU.Build.0 = Debug|Any CPU
		{8D24395C-A1D3-462A-AF6A-D36D2B4B0D00}.Release|Any CPU.ActiveCfg = Release|Any CPU
		{8D24395C-A1D3-462A-AF6A-D36D2B4B0D00}.Release|Any CPU.Build.0 = Release|Any CPU
	EndGlobalSection
	GlobalSection(SolutionProperties) = preSolution
		HideSolutionNode = FALSE
	EndGlobalSection
EndGlobal
